
Microsoft Visual Studio Solution File, Format Version 12.00
# Visual Studio 15
VisualStudioVersion = 15.0.28307.168
MinimumVisualStudioVersion = 10.0.40219.1
Project("{FAE04EC0-301F-11D3-BF4B-00C04F79EFBC}") = "InnerJoinLINQ", "InnerJoinLINQ\InnerJoinLINQ.csproj", "{0EB67ECD-F9DD-4DBC-9F58-175DEEC37F13}"
EndProject
Global
	GlobalSection(SolutionConfigurationPlatforms) = preSolution
		Debug|Any CPU = Debug|Any CPU
		Release|Any CPU = Release|Any CPU
	EndGlobalSection
	GlobalSection(ProjectConfigurationPlatforms) = postSolution
		{0EB67ECD-F9DD-4DBC-9F58-175DEEC37F13}.Debug|Any CPU.ActiveCfg = Debug|Any CPU
		{0EB67ECD-F9DD-4DBC-9F58-175DEEC37F13}.Debug|Any CPU.Build.0 = Debug|Any CPU
		{0EB67ECD-F9DD-4DBC-9F58-175DEEC37F13}.Release|Any CPU.ActiveCfg = Release|Any CPU
		{0EB67ECD-F9DD-4DBC-9F58-175DEEC37F13}.Release|Any CPU.Build.0 = Release|Any CPU
	EndGlobalSection
	GlobalSection(SolutionProperties) = preSolution
		HideSolutionNode = FALSE
	EndGlobalSection
	GlobalSection(ExtensibilityGlobals) = postSolution
		SolutionGuid = {3FA10511-05D4-4095-A287-EE8B4EB5A986}
	EndGlobalSection
EndGlobal
